
Microsoft Visual Studio Solution File, Format Version 12.00
# Visual Studio Version 16
VisualStudioVersion = 16.0.32228.343
MinimumVisualStudioVersion = 10.0.40219.1
Project("{FAE04EC0-301F-11D3-BF4B-00C04F79EFBC}") = "BackEnd", "BackEnd\BackEnd.csproj", "{4F8E03AC-4372-4913-998B-AA5477143451}"
EndProject
Global
	GlobalSection(SolutionConfigurationPlatforms) = preSolution
		Debug|Any CPU = Debug|Any CPU
		Release|Any CPU = Release|Any CPU
	EndGlobalSection
	GlobalSection(ProjectConfigurationPlatforms) = postSolution
		{4F8E03AC-4372-4913-998B-AA5477143451}.Debug|Any CPU.ActiveCfg = Debug|Any CPU
		{4F8E03AC-4372-4913-998B-AA5477143451}.Debug|Any CPU.Build.0 = Debug|Any CPU
		{4F8E03AC-4372-4913-998B-AA5477143451}.Release|Any CPU.ActiveCfg = Release|Any CPU
		{4F8E03AC-4372-4913-998B-AA5477143451}.Release|Any CPU.Build.0 = Release|Any CPU
	EndGlobalSection
	GlobalSection(SolutionProperties) = preSolution
		HideSolutionNode = FALSE
	EndGlobalSection
	GlobalSection(ExtensibilityGlobals) = postSolution
		SolutionGuid = {197364A3-E1C7-41B0-AA66-ACC6BBFA9380}
	EndGlobalSection
EndGlobal
